{
  "name": "compose-orchestrator",
  "version": "1.0.0",
  "lockfileVersion": 3,
  "requires": true,
  "packages": {
    "": {
      "name": "compose-orchestrator",
      "version": "1.0.0",
      "engines": {
        "node": ">=22.5.0"
      },
      "optionalDependencies": {
        "fastify": "^5.2.0"
      }
    },
    "node_modules/fastify": {
      "optional": true
    }
  }
}
