{
  "name": "lint-engine-a",
  "version": "1.0.0",
  "lockfileVersion": 3,
  "requires": true,
  "packages": {
    "": {
      "name": "lint-engine-a",
      "version": "1.0.0",
      "dependencies": {
        "fastify": "file:vendor/fastify"
      },
      "devDependencies": {},
      "engines": {
        "node": ">=22.6"
      }
    },
    "node_modules/fastify": {
      "resolved": "vendor/fastify",
      "link": true
    },
    "vendor/fastify": {
      "version": "5.0.0-local"
    }
  }
}
